
Microsoft Visual Studio Solution File, Format Version 12.00
# Visual Studio Version 16
VisualStudioVersion = 16.0.31729.503
MinimumVisualStudioVersion = 10.0.40219.1
Project("{FAE04EC0-301F-11D3-BF4B-00C04F79EFBC}") = "SeaBattleProject", "SeaBattleProject\SeaBattleProject.csproj", "{349723FF-C466-4257-879D-6388530D0479}"
EndProject
Global
	GlobalSection(SolutionConfigurationPlatforms) = preSolution
		Debug|Any CPU = Debug|Any CPU
		Release|Any CPU = Release|Any CPU
	EndGlobalSection
	GlobalSection(ProjectConfigurationPlatforms) = postSolution
		{349723FF-C466-4257-879D-6388530D0479}.Debug|Any CPU.ActiveCfg = Debug|Any CPU
		{349723FF-C466-4257-879D-6388530D0479}.Debug|Any CPU.Build.0 = Debug|Any CPU
		{349723FF-C466-4257-879D-6388530D0479}.Release|Any CPU.ActiveCfg = Release|Any CPU
		{349723FF-C466-4257-879D-6388530D0479}.Release|Any CPU.Build.0 = Release|Any CPU
	EndGlobalSection
	GlobalSection(SolutionProperties) = preSolution
		HideSolutionNode = FALSE
	EndGlobalSection
	GlobalSection(ExtensibilityGlobals) = postSolution
		SolutionGuid = {2FA82844-A3F0-4CA1-8C69-D4080F21BCB5}
	EndGlobalSection
EndGlobal
